// !$*UTF8*$!
{
	archiveVersion = 1;
	classes = {
	};
	objectVersion = 48;
	objects = {

/* Begin PBXBuildFile section */
		D30E91B32023AA51007C84A8 /* UserVC.swift in Sources */ = {isa = PBXBuildFile; fileRef = D30E91B22023AA51007C84A8 /* UserVC.swift */; };
		D30E91B52023AB5C007C84A8 /* UserTVCell.swift in Sources */ = {isa = PBXBuildFile; fileRef = D30E91B42023AB5C007C84A8 /* UserTVCell.swift */; };
		D328B5FC201F2E6D00591543 /* GameVC.swift in Sources */ = {isa = PBXBuildFile; fileRef = D328B5FB201F2E6D00591543 /* GameVC.swift */; };
		D328B5FE201F432500591543 /* GameCellCVCell.swift in Sources */ = {isa = PBXBuildFile; fileRef = D328B5FD201F432500591543 /* GameCellCVCell.swift */; };
		D33BAC04201E4F6800EE1512 /* AppDelegate.swift in Sources */ = {isa = PBXBuildFile; fileRef = D33BAC03201E4F6800EE1512 /* AppDelegate.swift */; };
		D33BAC09201E4F6800EE1512 /* Main.storyboard in Resources */ = {isa = PBXBuildFile; fileRef = D33BAC07201E4F6800EE1512 /* Main.storyboard */; };
		D33BAC0C201E4F6800EE1512 /* Memory.xcdatamodeld in Sources */ = {isa = PBXBuildFile; fileRef = D33BAC0A201E4F6800EE1512 /* Memory.xcdatamodeld */; };
		D33BAC0E201E4F6800EE1512 /* Assets.xcassets in Resources */ = {isa = PBXBuildFile; fileRef = D33BAC0D201E4F6800EE1512 /* Assets.xcassets */; };
		D33BAC11201E4F6800EE1512 /* LaunchScreen.storyboard in Resources */ = {isa = PBXBuildFile; fileRef = D33BAC0F201E4F6800EE1512 /* LaunchScreen.storyboard */; };
		D33BAC19201E4FFA00EE1512 /* CoreManager.swift in Sources */ = {isa = PBXBuildFile; fileRef = D33BAC18201E4FFA00EE1512 /* CoreManager.swift */; };
		D33BAC21201E7FD100EE1512 /* LevelVC.swift in Sources */ = {isa = PBXBuildFile; fileRef = D33BAC20201E7FD100EE1512 /* LevelVC.swift */; };
		D33BAC23201E807D00EE1512 /* LevelCellCVCell.swift in Sources */ = {isa = PBXBuildFile; fileRef = D33BAC22201E807D00EE1512 /* LevelCellCVCell.swift */; };
		D346893120206EC300235DD0 /* Scores+CoreDataClass.swift in Sources */ = {isa = PBXBuildFile; fileRef = D346892F20206EC300235DD0 /* Scores+CoreDataClass.swift */; };
		D346893220206EC300235DD0 /* Scores+CoreDataProperties.swift in Sources */ = {isa = PBXBuildFile; fileRef = D346893020206EC300235DD0 /* Scores+CoreDataProperties.swift */; };
		D346893420206F4300235DD0 /* WrittingResultsVC.swift in Sources */ = {isa = PBXBuildFile; fileRef = D346893320206F4300235DD0 /* WrittingResultsVC.swift */; };
		D3468936202075F300235DD0 /* WrittingResultsTVCell.swift in Sources */ = {isa = PBXBuildFile; fileRef = D3468935202075F300235DD0 /* WrittingResultsTVCell.swift */; };
		D346893A20224EEE00235DD0 /* LeaderboardTVCell.swift in Sources */ = {isa = PBXBuildFile; fileRef = D346893920224EEE00235DD0 /* LeaderboardTVCell.swift */; };
		D346893C20224F2B00235DD0 /* LeaderboardVC.swift in Sources */ = {isa = PBXBuildFile; fileRef = D346893B20224F2B00235DD0 /* LeaderboardVC.swift */; };
		D3A791A92023B1D000A5D4F4 /* Users+CoreDataClass.swift in Sources */ = {isa = PBXBuildFile; fileRef = D3A791A72023B1D000A5D4F4 /* Users+CoreDataClass.swift */; };
		D3A791AA2023B1D000A5D4F4 /* Users+CoreDataProperties.swift in Sources */ = {isa = PBXBuildFile; fileRef = D3A791A82023B1D000A5D4F4 /* Users+CoreDataProperties.swift */; };
/* End PBXBuildFile section */

/* Begin PBXFileReference section */
		D30E91B22023AA51007C84A8 /* UserVC.swift */ = {isa = PBXFileReference; lastKnownFileType = sourcecode.swift; path = UserVC.swift; sourceTree = "<group>"; };
		D30E91B42023AB5C007C84A8 /* UserTVCell.swift */ = {isa = PBXFileReference; lastKnownFileType = sourcecode.swift; path = UserTVCell.swift; sourceTree = "<group>"; };
		D328B5FB201F2E6D00591543 /* GameVC.swift */ = {isa = PBXFileReference; lastKnownFileType = sourcecode.swift; path = GameVC.swift; sourceTree = "<group>"; };
		D328B5FD201F432500591543 /* GameCellCVCell.swift */ = {isa = PBXFileReference; lastKnownFileType = sourcecode.swift; path = GameCellCVCell.swift; sourceTree = "<group>"; };
		D33BAC00201E4F6800EE1512 /* Memory.app */ = {isa = PBXFileReference; explicitFileType = wrapper.application; includeInIndex = 0; path = Memory.app; sourceTree = BUILT_PRODUCTS_DIR; };
		D33BAC03201E4F6800EE1512 /* AppDelegate.swift */ = {isa = PBXFileReference; lastKnownFileType = sourcecode.swift; path = AppDelegate.swift; sourceTree = "<group>"; };
		D33BAC08201E4F6800EE1512 /* Base */ = {isa = PBXFileReference; lastKnownFileType = file.storyboard; name = Base; path = Base.lproj/Main.storyboard; sourceTree = "<group>"; };
		D33BAC0B201E4F6800EE1512 /* Memory.xcdatamodel */ = {isa = PBXFileReference; lastKnownFileType = wrapper.xcdatamodel; path = Memory.xcdatamodel; sourceTree = "<group>"; };
		D33BAC0D201E4F6800EE1512 /* Assets.xcassets */ = {isa = PBXFileReference; lastKnownFileType = folder.assetcatalog; path = Assets.xcassets; sourceTree = "<group>"; };
		D33BAC10201E4F6800EE1512 /* Base */ = {isa = PBXFileReference; lastKnownFileType = file.storyboard; name = Base; path = Base.lproj/LaunchScreen.storyboard; sourceTree = "<group>"; };
		D33BAC12201E4F6800EE1512 /* Info.plist */ = {isa = PBXFileReference; lastKnownFileType = text.plist.xml; path = Info.plist; sourceTree = "<group>"; };
		D33BAC18201E4FFA00EE1512 /* CoreManager.swift */ = {isa = PBXFileReference; lastKnownFileType = sourcecode.swift; path = CoreManager.swift; sourceTree = "<group>"; };
		D33BAC20201E7FD100EE1512 /* LevelVC.swift */ = {isa = PBXFileReference; lastKnownFileType = sourcecode.swift; path = LevelVC.swift; sourceTree = "<group>"; };
		D33BAC22201E807D00EE1512 /* LevelCellCVCell.swift */ = {isa = PBXFileReference; lastKnownFileType = sourcecode.swift; path = LevelCellCVCell.swift; sourceTree = "<group>"; };
		D346892F20206EC300235DD0 /* Scores+CoreDataClass.swift */ = {isa = PBXFileReference; lastKnownFileType = sourcecode.swift; path = "Scores+CoreDataClass.swift"; sourceTree = "<group>"; };
		D346893020206EC300235DD0 /* Scores+CoreDataProperties.swift */ = {isa = PBXFileReference; lastKnownFileType = sourcecode.swift; path = "Scores+CoreDataProperties.swift"; sourceTree = "<group>"; };
		D346893320206F4300235DD0 /* WrittingResultsVC.swift */ = {isa = PBXFileReference; lastKnownFileType = sourcecode.swift; path = WrittingResultsVC.swift; sourceTree = "<group>"; };
		D3468935202075F300235DD0 /* WrittingResultsTVCell.swift */ = {isa = PBXFileReference; lastKnownFileType = sourcecode.swift; path = WrittingResultsTVCell.swift; sourceTree = "<group>"; };
		D346893920224EEE00235DD0 /* LeaderboardTVCell.swift */ = {isa = PBXFileReference; lastKnownFileType = sourcecode.swift; path = LeaderboardTVCell.swift; sourceTree = "<group>"; };
		D346893B20224F2B00235DD0 /* LeaderboardVC.swift */ = {isa = PBXFileReference; lastKnownFileType = sourcecode.swift; path = LeaderboardVC.swift; sourceTree = "<group>"; };
		D3A791A72023B1D000A5D4F4 /* Users+CoreDataClass.swift */ = {isa = PBXFileReference; lastKnownFileType = sourcecode.swift; path = "Users+CoreDataClass.swift"; sourceTree = "<group>"; };
		D3A791A82023B1D000A5D4F4 /* Users+CoreDataProperties.swift */ = {isa = PBXFileReference; lastKnownFileType = sourcecode.swift; path = "Users+CoreDataProperties.swift"; sourceTree = "<group>"; };
/* End PBXFileReference section */

/* Begin PBXFrameworksBuildPhase section */
		D33BABFD201E4F6800EE1512 /* Frameworks */ = {
			isa = PBXFrameworksBuildPhase;
			buildActionMask = 2147483647;
			files = (
			);
			runOnlyForDeploymentPostprocessing = 0;
		};
/* End PBXFrameworksBuildPhase section */

/* Begin PBXGroup section */
		D30E91AF2023A13B007C84A8 /* System */ = {
			isa = PBXGroup;
			children = (
				D33BAC03201E4F6800EE1512 /* AppDelegate.swift */,
			);
			path = System;
			sourceTree = "<group>";
		};
		D30E91B02023A15E007C84A8 /* Conrtollers */ = {
			isa = PBXGroup;
			children = (
				D30E91B22023AA51007C84A8 /* UserVC.swift */,
				D33BAC20201E7FD100EE1512 /* LevelVC.swift */,
				D346893B20224F2B00235DD0 /* LeaderboardVC.swift */,
				D328B5FB201F2E6D00591543 /* GameVC.swift */,
				D346893320206F4300235DD0 /* WrittingResultsVC.swift */,
			);
			path = Conrtollers;
			sourceTree = "<group>";
		};
		D30E91B12023A1A3007C84A8 /* Cells */ = {
			isa = PBXGroup;
			children = (
				D30E91B42023AB5C007C84A8 /* UserTVCell.swift */,
				D33BAC22201E807D00EE1512 /* LevelCellCVCell.swift */,
				D346893920224EEE00235DD0 /* LeaderboardTVCell.swift */,
				D328B5FD201F432500591543 /* GameCellCVCell.swift */,
				D3468935202075F300235DD0 /* WrittingResultsTVCell.swift */,
			);
			path = Cells;
			sourceTree = "<group>";
		};
		D33BABF7201E4F6800EE1512 = {
			isa = PBXGroup;
			children = (
				D33BAC02201E4F6800EE1512 /* Memory */,
				D33BAC01201E4F6800EE1512 /* Products */,
			);
			sourceTree = "<group>";
		};
		D33BAC01201E4F6800EE1512 /* Products */ = {
			isa = PBXGroup;
			children = (
				D33BAC00201E4F6800EE1512 /* Memory.app */,
			);
			name = Products;
			sourceTree = "<group>";
		};
		D33BAC02201E4F6800EE1512 /* Memory */ = {
			isa = PBXGroup;
			children = (
				D33BAC12201E4F6800EE1512 /* Info.plist */,
				D30E91B02023A15E007C84A8 /* Conrtollers */,
				D30E91AF2023A13B007C84A8 /* System */,
				D30E91B12023A1A3007C84A8 /* Cells */,
				D34689382021E81800235DD0 /* Views */,
				D34689372021E7B900235DD0 /* CoreData */,
			);
			path = Memory;
			sourceTree = "<group>";
		};
		D34689372021E7B900235DD0 /* CoreData */ = {
			isa = PBXGroup;
			children = (
				D33BAC0A201E4F6800EE1512 /* Memory.xcdatamodeld */,
				D33BAC18201E4FFA00EE1512 /* CoreManager.swift */,
				D3A791A72023B1D000A5D4F4 /* Users+CoreDataClass.swift */,
				D3A791A82023B1D000A5D4F4 /* Users+CoreDataProperties.swift */,
				D346892F20206EC300235DD0 /* Scores+CoreDataClass.swift */,
				D346893020206EC300235DD0 /* Scores+CoreDataProperties.swift */,
			);
			path = CoreData;
			sourceTree = "<group>";
		};
		D34689382021E81800235DD0 /* Views */ = {
			isa = PBXGroup;
			children = (
				D33BAC0D201E4F6800EE1512 /* Assets.xcassets */,
				D33BAC07201E4F6800EE1512 /* Main.storyboard */,
				D33BAC0F201E4F6800EE1512 /* LaunchScreen.storyboard */,
			);
			path = Views;
			sourceTree = "<group>";
		};
/* End PBXGroup section */

/* Begin PBXNativeTarget section */
		D33BABFF201E4F6800EE1512 /* Memory */ = {
			isa = PBXNativeTarget;
			buildConfigurationList = D33BAC15201E4F6800EE1512 /* Build configuration list for PBXNativeTarget "Memory" */;
			buildPhases = (
				D33BABFC201E4F6800EE1512 /* Sources */,
				D33BABFD201E4F6800EE1512 /* Frameworks */,
				D33BABFE201E4F6800EE1512 /* Resources */,
			);
			buildRules = (
			);
			dependencies = (
			);
			name = Memory;
			productName = Memory;
			productReference = D33BAC00201E4F6800EE1512 /* Memory.app */;
			productType = "com.apple.product-type.application";
		};
/* End PBXNativeTarget section */

/* Begin PBXProject section */
		D33BABF8201E4F6800EE1512 /* Project object */ = {
			isa = PBXProject;
			attributes = {
				LastSwiftUpdateCheck = 0920;
				LastUpgradeCheck = 0920;
				ORGANIZATIONNAME = "Ganna Melnyk";
				TargetAttributes = {
					D33BABFF201E4F6800EE1512 = {
						CreatedOnToolsVersion = 9.2;
						ProvisioningStyle = Manual;
					};
				};
			};
			buildConfigurationList = D33BABFB201E4F6800EE1512 /* Build configuration list for PBXProject "Memory" */;
			compatibilityVersion = "Xcode 8.0";
			developmentRegion = en;
			hasScannedForEncodings = 0;
			knownRegions = (
				en,
				Base,
			);
			mainGroup = D33BABF7201E4F6800EE1512;
			productRefGroup = D33BAC01201E4F6800EE1512 /* Products */;
			projectDirPath = "";
			projectRoot = "";
			targets = (
				D33BABFF201E4F6800EE1512 /* Memory */,
			);
		};
/* End PBXProject section */

/* Begin PBXResourcesBuildPhase section */
		D33BABFE201E4F6800EE1512 /* Resources */ = {
			isa = PBXResourcesBuildPhase;
			buildActionMask = 2147483647;
			files = (
				D33BAC11201E4F6800EE1512 /* LaunchScreen.storyboard in Resources */,
				D33BAC0E201E4F6800EE1512 /* Assets.xcassets in Resources */,
				D33BAC09201E4F6800EE1512 /* Main.storyboard in Resources */,
			);
			runOnlyForDeploymentPostprocessing = 0;
		};
/* End PBXResourcesBuildPhase section */

/* Begin PBXSourcesBuildPhase section */
		D33BABFC201E4F6800EE1512 /* Sources */ = {
			isa = PBXSourcesBuildPhase;
			buildActionMask = 2147483647;
			files = (
				D30E91B52023AB5C007C84A8 /* UserTVCell.swift in Sources */,
				D3A791A92023B1D000A5D4F4 /* Users+CoreDataClass.swift in Sources */,
				D346893120206EC300235DD0 /* Scores+CoreDataClass.swift in Sources */,
				D328B5FE201F432500591543 /* GameCellCVCell.swift in Sources */,
				D346893420206F4300235DD0 /* WrittingResultsVC.swift in Sources */,
				D346893A20224EEE00235DD0 /* LeaderboardTVCell.swift in Sources */,
				D33BAC19201E4FFA00EE1512 /* CoreManager.swift in Sources */,
				D33BAC23201E807D00EE1512 /* LevelCellCVCell.swift in Sources */,
				D3468936202075F300235DD0 /* WrittingResultsTVCell.swift in Sources */,
				D33BAC04201E4F6800EE1512 /* AppDelegate.swift in Sources */,
				D346893C20224F2B00235DD0 /* LeaderboardVC.swift in Sources */,
				D3A791AA2023B1D000A5D4F4 /* Users+CoreDataProperties.swift in Sources */,
				D346893220206EC300235DD0 /* Scores+CoreDataProperties.swift in Sources */,
				D33BAC21201E7FD100EE1512 /* LevelVC.swift in Sources */,
				D328B5FC201F2E6D00591543 /* GameVC.swift in Sources */,
				D30E91B32023AA51007C84A8 /* UserVC.swift in Sources */,
				D33BAC0C201E4F6800EE1512 /* Memory.xcdatamodeld in Sources */,
			);
			runOnlyForDeploymentPostprocessing = 0;
		};
/* End PBXSourcesBuildPhase section */

/* Begin PBXVariantGroup section */
		D33BAC07201E4F6800EE1512 /* Main.storyboard */ = {
			isa = PBXVariantGroup;
			children = (
				D33BAC08201E4F6800EE1512 /* Base */,
			);
			name = Main.storyboard;
			sourceTree = "<group>";
		};
		D33BAC0F201E4F6800EE1512 /* LaunchScreen.storyboard */ = {
			isa = PBXVariantGroup;
			children = (
				D33BAC10201E4F6800EE1512 /* Base */,
			);
			name = LaunchScreen.storyboard;
			sourceTree = "<group>";
		};
/* End PBXVariantGroup section */

/* Begin XCBuildConfiguration section */
		D33BAC13201E4F6800EE1512 /* Debug */ = {
			isa = XCBuildConfiguration;
			buildSettings = {
				ALWAYS_SEARCH_USER_PATHS = NO;
				CLANG_ANALYZER_NONNULL = YES;
				CLANG_ANALYZER_NUMBER_OBJECT_CONVERSION = YES_AGGRESSIVE;
				CLANG_CXX_LANGUAGE_STANDARD = "gnu++14";
				CLANG_CXX_LIBRARY = "libc++";
				CLANG_ENABLE_MODULES = YES;
				CLANG_ENABLE_OBJC_ARC = YES;
				CLANG_WARN_BLOCK_CAPTURE_AUTORELEASING = YES;
				CLANG_WARN_BOOL_CONVERSION = YES;
				CLANG_WARN_COMMA = YES;
				CLANG_WARN_CONSTANT_CONVERSION = YES;
				CLANG_WARN_DIRECT_OBJC_ISA_USAGE = YES_ERROR;
				CLANG_WARN_DOCUMENTATION_COMMENTS = YES;
				CLANG_WARN_EMPTY_BODY = YES;
				CLANG_WARN_ENUM_CONVERSION = YES;
				CLANG_WARN_INFINITE_RECURSION = YES;
				CLANG_WARN_INT_CONVERSION = YES;
				CLANG_WARN_NON_LITERAL_NULL_CONVERSION = YES;
				CLANG_WARN_OBJC_LITERAL_CONVERSION = YES;
				CLANG_WARN_OBJC_ROOT_CLASS = YES_ERROR;
				CLANG_WARN_RANGE_LOOP_ANALYSIS = YES;
				CLANG_WARN_STRICT_PROTOTYPES = YES;
				CLANG_WARN_SUSPICIOUS_MOVE = YES;
				CLANG_WARN_UNGUARDED_AVAILABILITY = YES_AGGRESSIVE;
				CLANG_WARN_UNREACHABLE_CODE = YES;
				CLANG_WARN__DUPLICATE_METHOD_MATCH = YES;
				CODE_SIGN_IDENTITY = "iPhone Developer";
				COPY_PHASE_STRIP = NO;
				DEBUG_INFORMATION_FORMAT = dwarf;
				ENABLE_STRICT_OBJC_MSGSEND = YES;
				ENABLE_TESTABILITY = YES;
				GCC_C_LANGUAGE_STANDARD = gnu11;
				GCC_DYNAMIC_NO_PIC = NO;
				GCC_NO_COMMON_BLOCKS = YES;
				GCC_OPTIMIZATION_LEVEL = 0;
				GCC_PREPROCESSOR_DEFINITIONS = (
					"DEBUG=1",
					"$(inherited)",
				);
				GCC_WARN_64_TO_32_BIT_CONVERSION = YES;
				GCC_WARN_ABOUT_RETURN_TYPE = YES_ERROR;
				GCC_WARN_UNDECLARED_SELECTOR = YES;
				GCC_WARN_UNINITIALIZED_AUTOS = YES_AGGRESSIVE;
				GCC_WARN_UNUSED_FUNCTION = YES;
				GCC_WARN_UNUSED_VARIABLE = YES;
				IPHONEOS_DEPLOYMENT_TARGET = 11.2;
				MTL_ENABLE_DEBUG_INFO = YES;
				ONLY_ACTIVE_ARCH = YES;
				SDKROOT = iphoneos;
				SWIFT_ACTIVE_COMPILATION_CONDITIONS = DEBUG;
				SWIFT_OPTIMIZATION_LEVEL = "-Onone";
			};
			name = Debug;
		};
		D33BAC14201E4F6800EE1512 /* Release */ = {
			isa = XCBuildConfiguration;
			buildSettings = {
				ALWAYS_SEARCH_USER_PATHS = NO;
				CLANG_ANALYZER_NONNULL = YES;
				CLANG_ANALYZER_NUMBER_OBJECT_CONVERSION = YES_AGGRESSIVE;
				CLANG_CXX_LANGUAGE_STANDARD = "gnu++14";
				CLANG_CXX_LIBRARY = "libc++";
				CLANG_ENABLE_MODULES = YES;
				CLANG_ENABLE_OBJC_ARC = YES;
				CLANG_WARN_BLOCK_CAPTURE_AUTORELEASING = YES;
				CLANG_WARN_BOOL_CONVERSION = YES;
				CLANG_WARN_COMMA = YES;
				CLANG_WARN_CONSTANT_CONVERSION = YES;
				CLANG_WARN_DIRECT_OBJC_ISA_USAGE = YES_ERROR;
				CLANG_WARN_DOCUMENTATION_COMMENTS = YES;
				CLANG_WARN_EMPTY_BODY = YES;
				CLANG_WARN_ENUM_CONVERSION = YES;
				CLANG_WARN_INFINITE_RECURSION = YES;
				CLANG_WARN_INT_CONVERSION = YES;
				CLANG_WARN_NON_LITERAL_NULL_CONVERSION = YES;
				CLANG_WARN_OBJC_LITERAL_CONVERSION = YES;
				CLANG_WARN_OBJC_ROOT_CLASS = YES_ERROR;
				CLANG_WARN_RANGE_LOOP_ANALYSIS = YES;
				CLANG_WARN_STRICT_PROTOTYPES = YES;
				CLANG_WARN_SUSPICIOUS_MOVE = YES;
				CLANG_WARN_UNGUARDED_AVAILABILITY = YES_AGGRESSIVE;
				CLANG_WARN_UNREACHABLE_CODE = YES;
				CLANG_WARN__DUPLICATE_METHOD_MATCH = YES;
				CODE_SIGN_IDENTITY = "iPhone Developer";
				COPY_PHASE_STRIP = NO;
				DEBUG_INFORMATION_FORMAT = "dwarf-with-dsym";
				ENABLE_NS_ASSERTIONS = NO;
				ENABLE_STRICT_OBJC_MSGSEND = YES;
				GCC_C_LANGUAGE_STANDARD = gnu11;
				GCC_NO_COMMON_BLOCKS = YES;
				GCC_WARN_64_TO_32_BIT_CONVERSION = YES;
				GCC_WARN_ABOUT_RETURN_TYPE = YES_ERROR;
				GCC_WARN_UNDECLARED_SELECTOR = YES;
				GCC_WARN_UNINITIALIZED_AUTOS = YES_AGGRESSIVE;
				GCC_WARN_UNUSED_FUNCTION = YES;
				GCC_WARN_UNUSED_VARIABLE = YES;
				IPHONEOS_DEPLOYMENT_TARGET = 11.2;
				MTL_ENABLE_DEBUG_INFO = NO;
				SDKROOT = iphoneos;
				SWIFT_OPTIMIZATION_LEVEL = "-Owholemodule";
				VALIDATE_PRODUCT = YES;
			};
			name = Release;
		};
		D33BAC16201E4F6800EE1512 /* Debug */ = {
			isa = XCBuildConfiguration;
			buildSettings = {
				ASSETCATALOG_COMPILER_APPICON_NAME = AppIcon;
				CODE_SIGN_STYLE = Manual;
				DEVELOPMENT_TEAM = "";
				INFOPLIST_FILE = Memory/Info.plist;
				LD_RUNPATH_SEARCH_PATHS = "$(inherited) @executable_path/Frameworks";
				PRODUCT_BUNDLE_IDENTIFIER = com.temp.Memory;
				PRODUCT_NAME = "$(TARGET_NAME)";
				PROVISIONING_PROFILE_SPECIFIER = "";
				SWIFT_VERSION = 4.0;
				TARGETED_DEVICE_FAMILY = "1,2";
			};
			name = Debug;
		};
		D33BAC17201E4F6800EE1512 /* Release */ = {
			isa = XCBuildConfiguration;
			buildSettings = {
				ASSETCATALOG_COMPILER_APPICON_NAME = AppIcon;
				CODE_SIGN_STYLE = Manual;
				DEVELOPMENT_TEAM = "";
				INFOPLIST_FILE = Memory/Info.plist;
				LD_RUNPATH_SEARCH_PATHS = "$(inherited) @executable_path/Frameworks";
				PRODUCT_BUNDLE_IDENTIFIER = com.temp.Memory;
				PRODUCT_NAME = "$(TARGET_NAME)";
				PROVISIONING_PROFILE_SPECIFIER = "";
				SWIFT_VERSION = 4.0;
				TARGETED_DEVICE_FAMILY = "1,2";
			};
			name = Release;
		};
/* End XCBuildConfiguration section */

/* Begin XCConfigurationList section */
		D33BABFB201E4F6800EE1512 /* Build configuration list for PBXProject "Memory" */ = {
			isa = XCConfigurationList;
			buildConfigurations = (
				D33BAC13201E4F6800EE1512 /* Debug */,
				D33BAC14201E4F6800EE1512 /* Release */,
			);
			defaultConfigurationIsVisible = 0;
			defaultConfigurationName = Release;
		};
		D33BAC15201E4F6800EE1512 /* Build configuration list for PBXNativeTarget "Memory" */ = {
			isa = XCConfigurationList;
			buildConfigurations = (
				D33BAC16201E4F6800EE1512 /* Debug */,
				D33BAC17201E4F6800EE1512 /* Release */,
			);
			defaultConfigurationIsVisible = 0;
			defaultConfigurationName = Release;
		};
/* End XCConfigurationList section */

/* Begin XCVersionGroup section */
		D33BAC0A201E4F6800EE1512 /* Memory.xcdatamodeld */ = {
			isa = XCVersionGroup;
			children = (
				D33BAC0B201E4F6800EE1512 /* Memory.xcdatamodel */,
			);
			currentVersion = D33BAC0B201E4F6800EE1512 /* Memory.xcdatamodel */;
			path = Memory.xcdatamodeld;
			sourceTree = "<group>";
			versionGroupType = wrapper.xcdatamodel;
		};
/* End XCVersionGroup section */
	};
	rootObject = D33BABF8201E4F6800EE1512 /* Project object */;
}
